{
  "requires": true,
  "lockfileVersion": 1,
  "dependencies": {
    "@ant-design/colors": {
      "version": "3.2.2",
      "resolved": "https://registry.npm.taobao.org/@ant-design/colors/download/@ant-design/colors-3.2.2.tgz",
      "integrity": "sha1-WtQ9YZ6RHzSI66wwPWBuZqhCOQM=",
      "requires": {
        "tinycolor2": "^1.4.1"
      }
    },
    "@ant-design/icons": {
      "version": "4.1.0",
      "resolved": "https://registry.npm.taobao.org/@ant-design/icons/download/@ant-design/icons-4.1.0.tgz",
      "integrity": "sha1-RE7cw4ItW0OysDjW+JPNf338xI0=",
      "requires": {
        "@ant-design/colors": "^3.1.0",
        "@ant-design/icons-svg": "^4.0.0",
        "classnames": "^2.2.6",
        "insert-css": "^2.0.0",
        "rc-util": "^4.9.0"
      }
    },
    "@ant-design/icons-svg": {
      "version": "4.1.0",
      "resolved": "https://registry.npm.taobao.org/@ant-design/icons-svg/download/@ant-design/icons-svg-4.1.0.tgz",
      "integrity": "sha1-SAsCX0sg73/o9H1KSEbk/uhOoGw="
    },
    "@ant-design/react-slick": {
      "version": "0.25.5",
      "resolved": "https://registry.npm.taobao.org/@ant-design/react-slick/download/@ant-design/react-slick-0.25.5.tgz",
      "integrity": "sha1-GPQKuqIsFdwm2pxHPSTaONTY8zQ=",
      "requires": {
        "classnames": "^2.2.5",
        "json2mq": "^0.2.0",
        "lodash": "^4.17.15",
        "resize-observer-polyfill": "^1.5.0"
      }
    },
    "@babel/runtime": {
      "version": "7.9.6",
      "resolved": "https://registry.npm.taobao.org/@babel/runtime/download/@babel/runtime-7.9.6.tgz?cache=0&sync_timestamp=1588185905751&other_urls=https%3A%2F%2Fregistry.npm.taobao.org%2F%40babel%2Fruntime%2Fdownload%2F%40babel%2Fruntime-7.9.6.tgz",
      "integrity": "sha1-qRAutcre3z8x0IqezylK94J+op8=",
      "requires": {
        "regenerator-runtime": "^0.13.4"
      },
      "dependencies": {
        "regenerator-runtime": {
          "version": "0.13.5",
          "resolved": "https://registry.npm.taobao.org/regenerator-runtime/download/regenerator-runtime-0.13.5.tgz?cache=0&sync_timestamp=1584052597708&other_urls=https%3A%2F%2Fregistry.npm.taobao.org%2Fregenerator-runtime%2Fdownload%2Fregenerator-runtime-0.13.5.tgz",
          "integrity": "sha1-2Hih0JS0MG0QuQlkhLM+vVXiZpc="
        }
      }
    },
    "@types/hoist-non-react-statics": {
      "version": "3.3.1",
      "resolved": "https://registry.npm.taobao.org/@types/hoist-non-react-statics/download/@types/hoist-non-react-statics-3.3.1.tgz",
      "integrity": "sha1-ESSq/lEYy1kZd66xzqrtEHDrA58=",
      "requires": {
        "@types/react": "*",
        "hoist-non-react-statics": "^3.3.0"
      }
    },
    "@types/prop-types": {
      "version": "15.7.3",
      "resolved": "https://registry.npm.taobao.org/@types/prop-types/download/@types/prop-types-15.7.3.tgz",
      "integrity": "sha1-KrDV2i5YFflLC51LldHl8kOrLKc="
    },
    "@types/react": {
      "version": "16.9.34",
      "resolved": "https://registry.npm.taobao.org/@types/react/download/@types/react-16.9.34.tgz",
      "integrity": "sha1-99XjMcRo9Tr/7ReopNSIzUTqk0k=",
      "requires": {
        "@types/prop-types": "*",
        "csstype": "^2.2.0"
      }
    },
    "@types/react-lifecycles-compat": {
      "version": "3.0.1",
      "resolved": "https://registry.npm.taobao.org/@types/react-lifecycles-compat/download/@types/react-lifecycles-compat-3.0.1.tgz",
      "integrity": "sha1-oLH+GM+5Q1vVJzeCmmnL6T+vMuI=",
      "requires": {
        "@types/react": "*"
      }
    },
    "@types/shallowequal": {
      "version": "1.1.1",
      "resolved": "https://registry.npm.taobao.org/@types/shallowequal/download/@types/shallowequal-1.1.1.tgz",
      "integrity": "sha1-qtJiuz8rElfZTHHVRSaNWSV1ybE="
    },
    "add-dom-event-listener": {
      "version": "1.1.0",
      "resolved": "https://registry.npm.taobao.org/add-dom-event-listener/download/add-dom-event-listener-1.1.0.tgz",
      "integrity": "sha1-apLbOg3Qq8JU4JXA8dwUrLuq4xA=",
      "requires": {
        "object-assign": "4.x"
      }
    },
    "antd": {
      "version": "4.2.0",
      "resolved": "https://registry.npm.taobao.org/antd/download/antd-4.2.0.tgz",
      "integrity": "sha1-G2ycsdU0sz6DokBS2afMuroZ0Tg=",
      "requires": {
        "@ant-design/icons": "^4.1.0",
        "@ant-design/react-slick": "~0.25.5",
        "array-tree-filter": "^2.1.0",
        "classnames": "~2.2.6",
        "copy-to-clipboard": "^3.2.0",
        "css-animation": "^1.5.0",
        "lodash": "^4.17.13",
        "moment": "^2.24.0",
        "omit.js": "^1.0.2",
        "prop-types": "^15.7.2",
        "raf": "^3.4.1",
        "rc-animate": "~2.11.0",
        "rc-cascader": "~1.0.0",
        "rc-checkbox": "~2.2.0",
        "rc-collapse": "~1.11.3",
        "rc-dialog": "~7.6.0",
        "rc-drawer": "~3.1.1",
        "rc-dropdown": "~3.0.0",
        "rc-field-form": "~1.2.0",
        "rc-input-number": "~4.6.1",
        "rc-mentions": "~1.1.0",
        "rc-menu": "~8.0.1",
        "rc-notification": "~4.0.0",
        "rc-pagination": "~2.2.0",
        "rc-picker": "~1.4.0",
        "rc-progress": "~2.5.0",
        "rc-rate": "~2.6.0",
        "rc-resize-observer": "^0.2.0",
        "rc-select": "~10.2.0",
        "rc-slider": "~9.2.3",
        "rc-steps": "~3.5.0",
        "rc-switch": "~1.9.0",
        "rc-table": "~7.5.2",
        "rc-tabs": "~10.1.1",
        "rc-tooltip": "~4.0.2",
        "rc-tree": "~3.1.0",
        "rc-tree-select": "~3.1.0",
        "rc-trigger": "~4.0.0",
        "rc-upload": "~3.0.4",
        "rc-util": "^4.20.0",
        "rc-virtual-list": "^1.1.0",
        "resize-observer-polyfill": "^1.5.1",
        "scroll-into-view-if-needed": "^2.2.20",
        "warning": "~4.0.3"
      }
    },
    "array-tree-filter": {
      "version": "2.1.0",
      "resolved": "https://registry.npm.taobao.org/array-tree-filter/download/array-tree-filter-2.1.0.tgz",
      "integrity": "sha1-hzrAD+yDdJ8lWsjdCDgUtPYykZA="
    },
    "async-validator": {
      "version": "3.2.4",
      "resolved": "https://registry.npm.taobao.org/async-validator/download/async-validator-3.2.4.tgz",
      "integrity": "sha1-Tnc6HQ10EBa0VbeZW0aaR8zg2+A="
    },
    "babel-runtime": {
      "version": "6.26.0",
      "resolved": "https://registry.npm.taobao.org/babel-runtime/download/babel-runtime-6.26.0.tgz",
      "integrity": "sha1-llxwWGaOgrVde/4E/yM3vItWR/4=",
      "requires": {
        "core-js": "^2.4.0",
        "regenerator-runtime": "^0.11.0"
      }
    },
    "classnames": {
      "version": "2.2.6",
      "resolved": "https://registry.npm.taobao.org/classnames/download/classnames-2.2.6.tgz",
      "integrity": "sha1-Q5Nb/90pHzJtrQogUwmzjQD2UM4="
    },
    "component-classes": {
      "version": "1.2.6",
      "resolved": "https://registry.npm.taobao.org/component-classes/download/component-classes-1.2.6.tgz",
      "integrity": "sha1-xkI5TDYYpNiwuJGe/Mu9kw5c1pE=",
      "requires": {
        "component-indexof": "0.0.3"
      }
    },
    "component-indexof": {
      "version": "0.0.3",
      "resolved": "https://registry.npm.taobao.org/component-indexof/download/component-indexof-0.0.3.tgz",
      "integrity": "sha1-EdCRMSI5648yyPJa6csAL/6NPCQ="
    },
    "compute-scroll-into-view": {
      "version": "1.0.13",
      "resolved": "https://registry.npm.taobao.org/compute-scroll-into-view/download/compute-scroll-into-view-1.0.13.tgz",
      "integrity": "sha1-vhsWY7Dj9WzV93EwglSfVio0d+I="
    },
    "copy-to-clipboard": {
      "version": "3.3.1",
      "resolved": "https://registry.npm.taobao.org/copy-to-clipboard/download/copy-to-clipboard-3.3.1.tgz",
      "integrity": "sha1-EVqhqZmP+rYZb5MHatbaO5E2Yq4=",
      "requires": {
        "toggle-selection": "^1.0.6"
      }
    },
    "core-js": {
      "version": "2.6.11",
      "resolved": "https://registry.npm.taobao.org/core-js/download/core-js-2.6.11.tgz?cache=0&sync_timestamp=1586450269267&other_urls=https%3A%2F%2Fregistry.npm.taobao.org%2Fcore-js%2Fdownload%2Fcore-js-2.6.11.tgz",
      "integrity": "sha1-OIMUafmSK97Y7iHJ3EaYXgOZMIw="
    },
    "css-animation": {
      "version": "1.6.1",
      "resolved": "https://registry.npm.taobao.org/css-animation/download/css-animation-1.6.1.tgz",
      "integrity": "sha1-FiBko7DVH5WLf/N7PW1N4Y4XA54=",
      "requires": {
        "babel-runtime": "6.x",
        "component-classes": "^1.2.5"
      }
    },
    "csstype": {
      "version": "2.6.10",
      "resolved": "https://registry.npm.taobao.org/csstype/download/csstype-2.6.10.tgz?cache=0&sync_timestamp=1586935655811&other_urls=https%3A%2F%2Fregistry.npm.taobao.org%2Fcsstype%2Fdownload%2Fcsstype-2.6.10.tgz",
      "integrity": "sha1-5jr1DmbXwmbttrMpCc/Qqr4Dkos="
    },
    "dom-align": {
      "version": "1.11.1",
      "resolved": "https://registry.npm.taobao.org/dom-align/download/dom-align-1.11.1.tgz?cache=0&sync_timestamp=1584440792731&other_urls=https%3A%2F%2Fregistry.npm.taobao.org%2Fdom-align%2Fdownload%2Fdom-align-1.11.1.tgz",
      "integrity": "sha1-dZK+maZgo2ze3B1u6yK4EJ11jK4="
    },
    "hammerjs": {
      "version": "2.0.8",
      "resolved": "https://registry.npm.taobao.org/hammerjs/download/hammerjs-2.0.8.tgz",
      "integrity": "sha1-BO93hiz/K7edMPdpIJWTAiK/YPE="
    },
    "hoist-non-react-statics": {
      "version": "3.3.2",
      "resolved": "https://registry.npm.taobao.org/hoist-non-react-statics/download/hoist-non-react-statics-3.3.2.tgz",
      "integrity": "sha1-7OCsr3HWLClpwuxZ/v9CpLGoW0U=",
      "requires": {
        "react-is": "^16.7.0"
      }
    },
    "insert-css": {
      "version": "2.0.0",
      "resolved": "https://registry.npm.taobao.org/insert-css/download/insert-css-2.0.0.tgz",
      "integrity": "sha1-610Ql7dUL0x56jBg067gfQU4gPQ="
    },
    "js-tokens": {
      "version": "4.0.0",
      "resolved": "https://registry.npm.taobao.org/js-tokens/download/js-tokens-4.0.0.tgz",
      "integrity": "sha1-GSA/tZmR35jjoocFDUZHzerzJJk="
    },
    "json2mq": {
      "version": "0.2.0",
      "resolved": "https://registry.npm.taobao.org/json2mq/download/json2mq-0.2.0.tgz",
      "integrity": "sha1-tje9O6nqvhIsg+lyBIOusQ0skEo=",
      "requires": {
        "string-convert": "^0.2.0"
      }
    },
    "lodash": {
      "version": "4.17.15",
      "resolved": "https://registry.npm.taobao.org/lodash/download/lodash-4.17.15.tgz",
      "integrity": "sha1-tEf2ZwoEVbv+7dETku/zMOoJdUg="
    },
    "loose-envify": {
      "version": "1.4.0",
      "resolved": "https://registry.npm.taobao.org/loose-envify/download/loose-envify-1.4.0.tgz",
      "integrity": "sha1-ce5R+nvkyuwaY4OffmgtgTLTDK8=",
      "requires": {
        "js-tokens": "^3.0.0 || ^4.0.0"
      }
    },
    "mini-store": {
      "version": "3.0.2",
      "resolved": "https://registry.npm.taobao.org/mini-store/download/mini-store-3.0.2.tgz?cache=0&other_urls=https%3A%2F%2Fregistry.npm.taobao.org%2Fmini-store%2Fdownload%2Fmini-store-3.0.2.tgz",
      "integrity": "sha1-1jmR/OHjyWKH2S/IEu5n0JDkkJg=",
      "requires": {
        "@types/hoist-non-react-statics": "^3.3.1",
        "@types/react-lifecycles-compat": "^3.0.1",
        "@types/shallowequal": "^1.1.1",
        "hoist-non-react-statics": "^3.3.2",
        "prop-types": "^15.6.0",
        "react-lifecycles-compat": "^3.0.4",
        "shallowequal": "^1.0.2",
        "typescript": "^3.8.3"
      }
    },
    "moment": {
      "version": "2.25.1",
      "resolved": "https://registry.npm.taobao.org/moment/download/moment-2.25.1.tgz?cache=0&sync_timestamp=1588359211454&other_urls=https%3A%2F%2Fregistry.npm.taobao.org%2Fmoment%2Fdownload%2Fmoment-2.25.1.tgz",
      "integrity": "sha1-HLVG3KHszdYHyTJHR4QiALaDRl0="
    },
    "object-assign": {
      "version": "4.1.1",
      "resolved": "https://registry.npm.taobao.org/object-assign/download/object-assign-4.1.1.tgz?cache=0&other_urls=https%3A%2F%2Fregistry.npm.taobao.org%2Fobject-assign%2Fdownload%2Fobject-assign-4.1.1.tgz",
      "integrity": "sha1-IQmtx5ZYh8/AXLvUQsrIv7s2CGM="
    },
    "omit.js": {
      "version": "1.0.2",
      "resolved": "https://registry.npm.taobao.org/omit.js/download/omit.js-1.0.2.tgz",
      "integrity": "sha1-kaFPDrqEBm36AVvzDkdMR/MLyFg=",
      "requires": {
        "babel-runtime": "^6.23.0"
      }
    },
    "performance-now": {
      "version": "2.1.0",
      "resolved": "https://registry.npm.taobao.org/performance-now/download/performance-now-2.1.0.tgz",
      "integrity": "sha1-Ywn04OX6kT7BxpMHrjZLSzd8nns="
    },
    "prop-types": {
      "version": "15.7.2",
      "resolved": "https://registry.npm.taobao.org/prop-types/download/prop-types-15.7.2.tgz",
      "integrity": "sha1-UsQedbjIfnK52TYOAga5ncv/psU=",
      "requires": {
        "loose-envify": "^1.4.0",
        "object-assign": "^4.1.1",
        "react-is": "^16.8.1"
      }
    },
    "raf": {
      "version": "3.4.1",
      "resolved": "https://registry.npm.taobao.org/raf/download/raf-3.4.1.tgz",
      "integrity": "sha1-B0LpmkplUvRF1z4+4DKK8P8e3jk=",
      "requires": {
        "performance-now": "^2.1.0"
      }
    },
    "rc-align": {
      "version": "3.0.0-rc.1",
      "resolved": "https://registry.npm.taobao.org/rc-align/download/rc-align-3.0.0-rc.1.tgz",
      "integrity": "sha1-MtH6yGDRK7hem4yvu973nz9TdnQ=",
      "requires": {
        "classnames": "2.x",
        "dom-align": "^1.7.0",
        "rc-util": "^4.12.0",
        "resize-observer-polyfill": "^1.5.1"
      }
    },
    "rc-animate": {
      "version": "2.11.1",
      "resolved": "https://registry.npm.taobao.org/rc-animate/download/rc-animate-2.11.1.tgz",
      "integrity": "sha1-JmbutvHypJWhOyrwniNnEieP2yw=",
      "requires": {
        "babel-runtime": "6.x",
        "classnames": "^2.2.6",
        "css-animation": "^1.3.2",
        "prop-types": "15.x",
        "raf": "^3.4.0",
        "rc-util": "^4.15.3",
        "react-lifecycles-compat": "^3.0.4"
      }
    },
    "rc-cascader": {
      "version": "1.0.1",
      "resolved": "https://registry.npm.taobao.org/rc-cascader/download/rc-cascader-1.0.1.tgz?cache=0&sync_timestamp=1582781950582&other_urls=https%3A%2F%2Fregistry.npm.taobao.org%2Frc-cascader%2Fdownload%2Frc-cascader-1.0.1.tgz",
      "integrity": "sha1-dw3h4fp71VmqvU1Z5SWBm4vICbc=",
      "requires": {
        "array-tree-filter": "^2.1.0",
        "rc-trigger": "^4.0.0",
        "rc-util": "^4.0.4",
        "warning": "^4.0.1"
      }
    },
    "rc-checkbox": {
      "version": "2.2.0",
      "resolved": "https://registry.npm.taobao.org/rc-checkbox/download/rc-checkbox-2.2.0.tgz",
      "integrity": "sha1-oM6Vw08F4OuIJmQXRRjNS6o23Ok=",
      "requires": {
        "babel-runtime": "^6.23.0",
        "classnames": "2.x"
      }
    },
    "rc-collapse": {
      "version": "1.11.8",
      "resolved": "https://registry.npm.taobao.org/rc-collapse/download/rc-collapse-1.11.8.tgz",
      "integrity": "sha1-ZqQAidRpUZ6UJACasckn4hQEHYA=",
      "requires": {
        "classnames": "2.x",
        "css-animation": "1.x",
        "prop-types": "^15.5.6",
        "rc-animate": "2.x",
        "react-is": "^16.7.0",
        "react-lifecycles-compat": "^3.0.4",
        "shallowequal": "^1.1.0"
      }
    },
    "rc-dialog": {
      "version": "7.6.1",
      "resolved": "https://registry.npm.taobao.org/rc-dialog/download/rc-dialog-7.6.1.tgz",
      "integrity": "sha1-EVRczAuUWTT6dgeXJuDYU+UtcF8=",
      "requires": {
        "babel-runtime": "6.x",
        "rc-animate": "2.x",
        "rc-util": "^4.16.1"
      }
    },
    "rc-drawer": {
      "version": "3.1.3",
      "resolved": "https://registry.npm.taobao.org/rc-drawer/download/rc-drawer-3.1.3.tgz",
      "integrity": "sha1-y8sE1MB/C2by7OEdhH9KG9gOoLc=",
      "requires": {
        "classnames": "^2.2.6",
        "rc-util": "^4.16.1",
        "react-lifecycles-compat": "^3.0.4"
      }
    },
    "rc-dropdown": {
      "version": "3.0.2",
      "resolved": "https://registry.npm.taobao.org/rc-dropdown/download/rc-dropdown-3.0.2.tgz",
      "integrity": "sha1-5Ia2f16Oi54yZCbVqAJUYhRT1mo=",
      "requires": {
        "babel-runtime": "^6.26.0",
        "classnames": "^2.2.6",
        "rc-trigger": "^4.0.0"
      }
    },
    "rc-field-form": {
      "version": "1.2.2",
      "resolved": "https://registry.npm.taobao.org/rc-field-form/download/rc-field-form-1.2.2.tgz",
      "integrity": "sha1-GGyhi7m43360EY2Tg3S1LPWJD9Y=",
      "requires": {
        "@babel/runtime": "^7.8.4",
        "async-validator": "^3.0.3",
        "rc-util": "^4.20.3"
      }
    },
    "rc-hammerjs": {
      "version": "0.6.9",
      "resolved": "https://registry.npm.taobao.org/rc-hammerjs/download/rc-hammerjs-0.6.9.tgz",
      "integrity": "sha1-mk3b2hsuyPm5WWCRpqmJhCokOQc=",
      "requires": {
        "babel-runtime": "6.x",
        "hammerjs": "^2.0.8",
        "prop-types": "^15.5.9"
      }
    },
    "rc-input-number": {
      "version": "4.6.1",
      "resolved": "https://registry.npm.taobao.org/rc-input-number/download/rc-input-number-4.6.1.tgz?cache=0&sync_timestamp=1588134568795&other_urls=https%3A%2F%2Fregistry.npm.taobao.org%2Frc-input-number%2Fdownload%2Frc-input-number-4.6.1.tgz",
      "integrity": "sha1-IhbWRMeIV8wYQR8NO2wU26mgzn8=",
      "requires": {
        "babel-runtime": "6.x",
        "classnames": "^2.2.0",
        "rc-util": "^4.5.1"
      }
    },
    "rc-mentions": {
      "version": "1.1.0",
      "resolved": "https://registry.npm.taobao.org/rc-mentions/download/rc-mentions-1.1.0.tgz",
      "integrity": "sha1-+kmUuU7uA+UlSgpgCDntGeH58Ok=",
      "requires": {
        "classnames": "^2.2.6",
        "rc-menu": "^8.0.1",
        "rc-trigger": "^4.0.0",
        "rc-util": "^4.6.0"
      }
    },
    "rc-menu": {
      "version": "8.0.3",
      "resolved": "https://registry.npm.taobao.org/rc-menu/download/rc-menu-8.0.3.tgz?cache=0&sync_timestamp=1585366710991&other_urls=https%3A%2F%2Fregistry.npm.taobao.org%2Frc-menu%2Fdownload%2Frc-menu-8.0.3.tgz",
      "integrity": "sha1-1VPqqJLabALHTJsdLnePFArOTZk=",
      "requires": {
        "classnames": "2.x",
        "mini-store": "^3.0.1",
        "rc-animate": "^2.10.1",
        "rc-trigger": "^4.0.0",
        "rc-util": "^4.13.0",
        "resize-observer-polyfill": "^1.5.0",
        "scroll-into-view-if-needed": "^2.2.20",
        "shallowequal": "^1.1.0"
      }
    },
    "rc-notification": {
      "version": "4.0.0",
      "resolved": "https://registry.npm.taobao.org/rc-notification/download/rc-notification-4.0.0.tgz",
      "integrity": "sha1-/+WXg9ZzgAOXLd6LlljxrNRpzSw=",
      "requires": {
        "classnames": "2.x",
        "rc-animate": "2.x",
        "rc-util": "^4.0.4"
      }
    },
    "rc-pagination": {
      "version": "2.2.0",
      "resolved": "https://registry.npm.taobao.org/rc-pagination/download/rc-pagination-2.2.0.tgz",
      "integrity": "sha1-jaqrG2rWZNot3qhC+GaHtpLrd10=",
      "requires": {
        "classnames": "^2.2.1"
      }
    },
    "rc-picker": {
      "version": "1.4.10",
      "resolved": "https://registry.npm.taobao.org/rc-picker/download/rc-picker-1.4.10.tgz",
      "integrity": "sha1-yX2NOSLphI+Zn9kq2x3qsJx2Qac=",
      "requires": {
        "classnames": "^2.2.1",
        "moment": "^2.24.0",
        "rc-trigger": "^4.0.0",
        "rc-util": "^4.17.0",
        "shallowequal": "^1.1.0"
      }
    },
    "rc-progress": {
      "version": "2.5.2",
      "resolved": "https://registry.npm.taobao.org/rc-progress/download/rc-progress-2.5.2.tgz",
      "integrity": "sha1-qwG6Tl0vo2/J9vBYsQtyDnMVVgw=",
      "requires": {
        "babel-runtime": "6.x",
        "prop-types": "^15.5.8"
      }
    },
    "rc-rate": {
      "version": "2.6.0",
      "resolved": "https://registry.npm.taobao.org/rc-rate/download/rc-rate-2.6.0.tgz?cache=0&other_urls=https%3A%2F%2Fregistry.npm.taobao.org%2Frc-rate%2Fdownload%2Frc-rate-2.6.0.tgz",
      "integrity": "sha1-OZDxsMfw2pFGXBKvNhLAPdg2cD0=",
      "requires": {
        "classnames": "^2.2.5",
        "rc-util": "^4.20.1"
      }
    },
    "rc-resize-observer": {
      "version": "0.2.1",
      "resolved": "https://registry.npm.taobao.org/rc-resize-observer/download/rc-resize-observer-0.2.1.tgz",
      "integrity": "sha1-RhCsuKDyqEtejUVmSWSsMrXT33I=",
      "requires": {
        "classnames": "^2.2.1",
        "rc-util": "^4.14.0",
        "resize-observer-polyfill": "^1.5.1"
      }
    },
    "rc-select": {
      "version": "10.2.5",
      "resolved": "https://registry.npm.taobao.org/rc-select/download/rc-select-10.2.5.tgz?cache=0&sync_timestamp=1588322830073&other_urls=https%3A%2F%2Fregistry.npm.taobao.org%2Frc-select%2Fdownload%2Frc-select-10.2.5.tgz",
      "integrity": "sha1-gmIX5Jwk4SaAsjHY2fBBt1YzoQo=",
      "requires": {
        "classnames": "2.x",
        "rc-animate": "^2.10.0",
        "rc-trigger": "^4.0.0",
        "rc-util": "^4.20.0",
        "rc-virtual-list": "^1.1.2",
        "warning": "^4.0.3"
      }
    },
    "rc-slider": {
      "version": "9.2.4",
      "resolved": "https://registry.npm.taobao.org/rc-slider/download/rc-slider-9.2.4.tgz",
      "integrity": "sha1-kuK1jFPe+ZIa4PwoInJ6tXhbntA=",
      "requires": {
        "babel-runtime": "6.x",
        "classnames": "^2.2.5",
        "rc-tooltip": "^4.0.0",
        "rc-util": "^4.0.4",
        "shallowequal": "^1.1.0",
        "warning": "^4.0.3"
      }
    },
    "rc-steps": {
      "version": "3.5.0",
      "resolved": "https://registry.npm.taobao.org/rc-steps/download/rc-steps-3.5.0.tgz",
      "integrity": "sha1-NrKn8fSZB7DZA2OISxhiPK+ftgA=",
      "requires": {
        "babel-runtime": "^6.23.0",
        "classnames": "^2.2.3",
        "lodash": "^4.17.5",
        "prop-types": "^15.5.7"
      }
    },
    "rc-switch": {
      "version": "1.9.0",
      "resolved": "https://registry.npm.taobao.org/rc-switch/download/rc-switch-1.9.0.tgz",
      "integrity": "sha1-qyuHjycTxoE1ikUzkZdsm5WykPc=",
      "requires": {
        "classnames": "^2.2.1",
        "prop-types": "^15.5.6",
        "react-lifecycles-compat": "^3.0.4"
      }
    },
    "rc-table": {
      "version": "7.5.3",
      "resolved": "https://registry.npm.taobao.org/rc-table/download/rc-table-7.5.3.tgz",
      "integrity": "sha1-HnBgSVQPOq6vGYYQEoO2luoD4eM=",
      "requires": {
        "classnames": "^2.2.5",
        "component-classes": "^1.2.6",
        "lodash": "^4.17.5",
        "prop-types": "^15.5.8",
        "raf": "^3.4.1",
        "rc-resize-observer": "^0.2.0",
        "rc-util": "^4.20.1",
        "react-lifecycles-compat": "^3.0.2",
        "shallowequal": "^1.1.0"
      }
    },
    "rc-tabs": {
      "version": "10.1.1",
      "resolved": "https://registry.npm.taobao.org/rc-tabs/download/rc-tabs-10.1.1.tgz",
      "integrity": "sha1-hH2MIDiEKjy18udJNdDji4X85h4=",
      "requires": {
        "classnames": "2.x",
        "lodash": "^4.17.5",
        "rc-hammerjs": "~0.6.0",
        "resize-observer-polyfill": "^1.5.1",
        "warning": "^4.0.3"
      }
    },
    "rc-tooltip": {
      "version": "4.0.3",
      "resolved": "https://registry.npm.taobao.org/rc-tooltip/download/rc-tooltip-4.0.3.tgz",
      "integrity": "sha1-cot2CGNkPsLoWCei5/so2WGzt1k=",
      "requires": {
        "rc-trigger": "^4.0.0"
      }
    },
    "rc-tree": {
      "version": "3.1.6",
      "resolved": "https://registry.npm.taobao.org/rc-tree/download/rc-tree-3.1.6.tgz",
      "integrity": "sha1-WspmKAGVS+LgBgmJjUJ/FsqQI+U=",
      "requires": {
        "classnames": "2.x",
        "prop-types": "^15.5.8",
        "rc-animate": "^2.9.2",
        "rc-util": "^4.11.0",
        "rc-virtual-list": "^1.1.0",
        "react-lifecycles-compat": "^3.0.4"
      }
    },
    "rc-tree-select": {
      "version": "3.1.3",
      "resolved": "https://registry.npm.taobao.org/rc-tree-select/download/rc-tree-select-3.1.3.tgz?cache=0&other_urls=https%3A%2F%2Fregistry.npm.taobao.org%2Frc-tree-select%2Fdownload%2Frc-tree-select-3.1.3.tgz",
      "integrity": "sha1-0x77+ZVdcLJQ/lBkWznztwWj0SQ=",
      "requires": {
        "classnames": "2.x",
        "rc-select": "^10.1.0",
        "rc-tree": "^3.1.0",
        "rc-util": "^4.17.0"
      }
    },
    "rc-trigger": {
      "version": "4.0.2",
      "resolved": "https://registry.npm.taobao.org/rc-trigger/download/rc-trigger-4.0.2.tgz",
      "integrity": "sha1-Qv5722pbNANeIPqev61p7JSLVr4=",
      "requires": {
        "classnames": "^2.2.6",
        "prop-types": "15.x",
        "raf": "^3.4.1",
        "rc-align": "^3.0.0-rc.0",
        "rc-animate": "^2.10.2",
        "rc-util": "^4.20.0"
      }
    },
    "rc-upload": {
      "version": "3.0.4",
      "resolved": "https://registry.npm.taobao.org/rc-upload/download/rc-upload-3.0.4.tgz",
      "integrity": "sha1-X9i6nu/B5GYiUkCumXQEaT2G+gk=",
      "requires": {
        "babel-runtime": "6.x",
        "classnames": "^2.2.5"
      }
    },
    "rc-util": {
      "version": "4.20.5",
      "resolved": "https://registry.npm.taobao.org/rc-util/download/rc-util-4.20.5.tgz",
      "integrity": "sha1-98d1aelxrmqK1W+JnK3SInU5gyU=",
      "requires": {
        "add-dom-event-listener": "^1.1.0",
        "prop-types": "^15.5.10",
        "react-is": "^16.12.0",
        "react-lifecycles-compat": "^3.0.4",
        "shallowequal": "^1.1.0"
      }
    },
    "rc-virtual-list": {
      "version": "1.1.2",
      "resolved": "https://registry.npm.taobao.org/rc-virtual-list/download/rc-virtual-list-1.1.2.tgz",
      "integrity": "sha1-/j2hE2s85hKzeJH8LPQ0R8ikCy8=",
      "requires": {
        "classnames": "^2.2.6",
        "raf": "^3.4.1",
        "rc-util": "^4.8.0"
      }
    },
    "react-is": {
      "version": "16.13.1",
      "resolved": "https://registry.npm.taobao.org/react-is/download/react-is-16.13.1.tgz",
      "integrity": "sha1-eJcppNw23imZ3BVt1sHZwYzqVqQ="
    },
    "react-lifecycles-compat": {
      "version": "3.0.4",
      "resolved": "https://registry.npm.taobao.org/react-lifecycles-compat/download/react-lifecycles-compat-3.0.4.tgz",
      "integrity": "sha1-TxonOv38jzSIqMUWv9p4+HI1I2I="
    },
    "regenerator-runtime": {
      "version": "0.11.1",
      "resolved": "https://registry.npm.taobao.org/regenerator-runtime/download/regenerator-runtime-0.11.1.tgz?cache=0&sync_timestamp=1584052597708&other_urls=https%3A%2F%2Fregistry.npm.taobao.org%2Fregenerator-runtime%2Fdownload%2Fregenerator-runtime-0.11.1.tgz",
      "integrity": "sha1-vgWtf5v30i4Fb5cmzuUBf78Z4uk="
    },
    "resize-observer-polyfill": {
      "version": "1.5.1",
      "resolved": "https://registry.npm.taobao.org/resize-observer-polyfill/download/resize-observer-polyfill-1.5.1.tgz?cache=0&sync_timestamp=1587902216953&other_urls=https%3A%2F%2Fregistry.npm.taobao.org%2Fresize-observer-polyfill%2Fdownload%2Fresize-observer-polyfill-1.5.1.tgz",
      "integrity": "sha1-DpAg3T0hAkRY1OvSfiPkAmmBBGQ="
    },
    "scroll-into-view-if-needed": {
      "version": "2.2.24",
      "resolved": "https://registry.npm.taobao.org/scroll-into-view-if-needed/download/scroll-into-view-if-needed-2.2.24.tgz",
      "integrity": "sha1-ErylMpkHab1QkRWkntz6dV6SoOo=",
      "requires": {
        "compute-scroll-into-view": "^1.0.13"
      }
    },
    "shallowequal": {
      "version": "1.1.0",
      "resolved": "https://registry.npm.taobao.org/shallowequal/download/shallowequal-1.1.0.tgz",
      "integrity": "sha1-GI1SHelbkIdAT9TctosT3wrk5/g="
    },
    "string-convert": {
      "version": "0.2.1",
      "resolved": "https://registry.npm.taobao.org/string-convert/download/string-convert-0.2.1.tgz",
      "integrity": "sha1-aYLMMEn7tM2F+LJFaLnZvznu/5c="
    },
    "tinycolor2": {
      "version": "1.4.1",
      "resolved": "https://registry.npm.taobao.org/tinycolor2/download/tinycolor2-1.4.1.tgz",
      "integrity": "sha1-9PrTM0R7wLB9TcjpIJ2POaisd+g="
    },
    "toggle-selection": {
      "version": "1.0.6",
      "resolved": "https://registry.npm.taobao.org/toggle-selection/download/toggle-selection-1.0.6.tgz",
      "integrity": "sha1-bkWxJj8gF/oKzH2J14sVuL932jI="
    },
    "typescript": {
      "version": "3.8.3",
      "resolved": "https://registry.npm.taobao.org/typescript/download/typescript-3.8.3.tgz",
      "integrity": "sha1-QJ64VE6gM1cRIFhp7EWKsQnuEGE="
    },
    "warning": {
      "version": "4.0.3",
      "resolved": "https://registry.npm.taobao.org/warning/download/warning-4.0.3.tgz?cache=0&sync_timestamp=1587902217122&other_urls=https%3A%2F%2Fregistry.npm.taobao.org%2Fwarning%2Fdownload%2Fwarning-4.0.3.tgz",
      "integrity": "sha1-Fungd+uKhtavfWSqHgX9hbRnjKM=",
      "requires": {
        "loose-envify": "^1.0.0"
      }
    }
  }
}
